
Microsoft Visual Studio Solution File, Format Version 12.00
# Visual Studio Version 17
VisualStudioVersion = 17.14.36414.22
MinimumVisualStudioVersion = 10.0.40219.1
Project("{8BC9CEB8-8B4A-11D0-8D11-00A0C91BC942}") = "MyFirstProject", "MyFirstProject\MyFirstProject.vcxproj", "{7C859FD3-5F26-4464-8AA8-2D2C8D5C0377}"
EndProject
Project("{8BC9CEB8-8B4A-11D0-8D11-00A0C91BC942}") = "MySecondProj", "MySecondProj\MySecondProj.vcxproj", "{DF90A125-C60C-41EC-9CA6-0C48256413B2}"
EndProject
Project("{8BC9CEB8-8B4A-11D0-8D11-00A0C91BC942}") = "MyThirdProj", "MyThirdProj\MyThirdProj.vcxproj", "{2AB90F88-2F3E-41D7-ADBB-038CDF9D65C1}"
EndProject
Global
	GlobalSection(SolutionConfigurationPlatforms) = preSolution
		Debug|x64 = Debug|x64
		Debug|x86 = Debug|x86
		Release|x64 = Release|x64
		Release|x86 = Release|x86
	EndGlobalSection
	GlobalSection(ProjectConfigurationPlatforms) = postSolution
		{7C859FD3-5F26-4464-8AA8-2D2C8D5C0377}.Debug|x64.ActiveCfg = Debug|x64
		{7C859FD3-5F26-4464-8AA8-2D2C8D5C0377}.Debug|x64.Build.0 = Debug|x64
		{7C859FD3-5F26-4464-8AA8-2D2C8D5C0377}.Debug|x86.ActiveCfg = Debug|Win32
		{7C859FD3-5F26-4464-8AA8-2D2C8D5C0377}.Debug|x86.Build.0 = Debug|Win32
		{7C859FD3-5F26-4464-8AA8-2D2C8D5C0377}.Release|x64.ActiveCfg = Release|x64
		{7C859FD3-5F26-4464-8AA8-2D2C8D5C0377}.Release|x64.Build.0 = Release|x64
		{7C859FD3-5F26-4464-8AA8-2D2C8D5C0377}.Release|x86.ActiveCfg = Release|Win32
		{7C859FD3-5F26-4464-8AA8-2D2C8D5C0377}.Release|x86.Build.0 = Release|Win32
		{DF90A125-C60C-41EC-9CA6-0C48256413B2}.Debug|x64.ActiveCfg = Debug|x64
		{DF90A125-C60C-41EC-9CA6-0C48256413B2}.Debug|x64.Build.0 = Debug|x64
		{DF90A125-C60C-41EC-9CA6-0C48256413B2}.Debug|x86.ActiveCfg = Debug|Win32
		{DF90A125-C60C-41EC-9CA6-0C48256413B2}.Debug|x86.Build.0 = Debug|Win32
		{DF90A125-C60C-41EC-9CA6-0C48256413B2}.Release|x64.ActiveCfg = Release|x64
		{DF90A125-C60C-41EC-9CA6-0C48256413B2}.Release|x64.Build.0 = Release|x64
		{DF90A125-C60C-41EC-9CA6-0C48256413B2}.Release|x86.ActiveCfg = Release|Win32
		{DF90A125-C60C-41EC-9CA6-0C48256413B2}.Release|x86.Build.0 = Release|Win32
		{2AB90F88-2F3E-41D7-ADBB-038CDF9D65C1}.Debug|x64.ActiveCfg = Debug|x64
		{2AB90F88-2F3E-41D7-ADBB-038CDF9D65C1}.Debug|x64.Build.0 = Debug|x64
		{2AB90F88-2F3E-41D7-ADBB-038CDF9D65C1}.Debug|x86.ActiveCfg = Debug|Win32
		{2AB90F88-2F3E-41D7-ADBB-038CDF9D65C1}.Debug|x86.Build.0 = Debug|Win32
		{2AB90F88-2F3E-41D7-ADBB-038CDF9D65C1}.Release|x64.ActiveCfg = Release|x64
		{2AB90F88-2F3E-41D7-ADBB-038CDF9D65C1}.Release|x64.Build.0 = Release|x64
		{2AB90F88-2F3E-41D7-ADBB-038CDF9D65C1}.Release|x86.ActiveCfg = Release|Win32
		{2AB90F88-2F3E-41D7-ADBB-038CDF9D65C1}.Release|x86.Build.0 = Release|Win32
	EndGlobalSection
	GlobalSection(SolutionProperties) = preSolution
		HideSolutionNode = FALSE
	EndGlobalSection
	GlobalSection(ExtensibilityGlobals) = postSolution
		SolutionGuid = {D309C9E1-E2D3-4C6C-B72D-17D7447BC119}
	EndGlobalSection
EndGlobal
